// !$*UTF8*$!
{
	archiveVersion = 1;
	classes = {
	};
	objectVersion = 55;
	objects = {

/* Begin PBXBuildFile section */
		138DBED92872CD7C00C916A7 /* AppDelegate.swift in Sources */ = {isa = PBXBuildFile; fileRef = 138DBED82872CD7C00C916A7 /* AppDelegate.swift */; };
		138DBEDB2872CD7C00C916A7 /* SceneDelegate.swift in Sources */ = {isa = PBXBuildFile; fileRef = 138DBEDA2872CD7C00C916A7 /* SceneDelegate.swift */; };
		138DBEE22872CD7D00C916A7 /* Assets.xcassets in Resources */ = {isa = PBXBuildFile; fileRef = 138DBEE12872CD7D00C916A7 /* Assets.xcassets */; };
		138DBEE52872CD7D00C916A7 /* LaunchScreen.storyboard in Resources */ = {isa = PBXBuildFile; fileRef = 138DBEE32872CD7D00C916A7 /* LaunchScreen.storyboard */; };
		138DBEF02872CD7D00C916A7 /* PixabayTests.swift in Sources */ = {isa = PBXBuildFile; fileRef = 138DBEEF2872CD7D00C916A7 /* PixabayTests.swift */; };
		138DBEFA2872CD7D00C916A7 /* PixabayUITests.swift in Sources */ = {isa = PBXBuildFile; fileRef = 138DBEF92872CD7D00C916A7 /* PixabayUITests.swift */; };
		138DBEFC2872CD7D00C916A7 /* PixabayUITestsLaunchTests.swift in Sources */ = {isa = PBXBuildFile; fileRef = 138DBEFB2872CD7D00C916A7 /* PixabayUITestsLaunchTests.swift */; };
		138DBF0B2872CDFB00C916A7 /* Main.storyboard in Resources */ = {isa = PBXBuildFile; fileRef = 138DBF092872CDFB00C916A7 /* Main.storyboard */; };
		138DBF0F2872CE3100C916A7 /* PictureManager.swift in Sources */ = {isa = PBXBuildFile; fileRef = 138DBF0D2872CE3100C916A7 /* PictureManager.swift */; };
		138DBF102872CE3100C916A7 /* PictureModel.swift in Sources */ = {isa = PBXBuildFile; fileRef = 138DBF0E2872CE3100C916A7 /* PictureModel.swift */; };
		138DBF152872CE4100C916A7 /* Constant.swift in Sources */ = {isa = PBXBuildFile; fileRef = 138DBF122872CE4100C916A7 /* Constant.swift */; };
		138DBF162872CE4100C916A7 /* Alert.swift in Sources */ = {isa = PBXBuildFile; fileRef = 138DBF132872CE4100C916A7 /* Alert.swift */; };
		138DBF172872CE4100C916A7 /* APIList.swift in Sources */ = {isa = PBXBuildFile; fileRef = 138DBF142872CE4100C916A7 /* APIList.swift */; };
		138DBF1C2872CE5400C916A7 /* PictureViewController.swift in Sources */ = {isa = PBXBuildFile; fileRef = 138DBF192872CE5400C916A7 /* PictureViewController.swift */; };
		138DBF1D2872CE5400C916A7 /* SearchPictureViewController.swift in Sources */ = {isa = PBXBuildFile; fileRef = 138DBF1A2872CE5400C916A7 /* SearchPictureViewController.swift */; };
		138DBF1E2872CE5400C916A7 /* PictureCollectionViewCell.swift in Sources */ = {isa = PBXBuildFile; fileRef = 138DBF1B2872CE5400C916A7 /* PictureCollectionViewCell.swift */; };
/* End PBXBuildFile section */

/* Begin PBXContainerItemProxy section */
		138DBEEC2872CD7D00C916A7 /* PBXContainerItemProxy */ = {
			isa = PBXContainerItemProxy;
			containerPortal = 138DBECD2872CD7C00C916A7 /* Project object */;
			proxyType = 1;
			remoteGlobalIDString = 138DBED42872CD7C00C916A7;
			remoteInfo = Pixabay;
		};
		138DBEF62872CD7D00C916A7 /* PBXContainerItemProxy */ = {
			isa = PBXContainerItemProxy;
			containerPortal = 138DBECD2872CD7C00C916A7 /* Project object */;
			proxyType = 1;
			remoteGlobalIDString = 138DBED42872CD7C00C916A7;
			remoteInfo = Pixabay;
		};
/* End PBXContainerItemProxy section */

/* Begin PBXFileReference section */
		138DBED52872CD7C00C916A7 /* Pixabay.app */ = {isa = PBXFileReference; explicitFileType = wrapper.application; includeInIndex = 0; path = Pixabay.app; sourceTree = BUILT_PRODUCTS_DIR; };
		138DBED82872CD7C00C916A7 /* AppDelegate.swift */ = {isa = PBXFileReference; lastKnownFileType = sourcecode.swift; path = AppDelegate.swift; sourceTree = "<group>"; };
		138DBEDA2872CD7C00C916A7 /* SceneDelegate.swift */ = {isa = PBXFileReference; lastKnownFileType = sourcecode.swift; path = SceneDelegate.swift; sourceTree = "<group>"; };
		138DBEE12872CD7D00C916A7 /* Assets.xcassets */ = {isa = PBXFileReference; lastKnownFileType = folder.assetcatalog; path = Assets.xcassets; sourceTree = "<group>"; };
		138DBEE42872CD7D00C916A7 /* Base */ = {isa = PBXFileReference; lastKnownFileType = file.storyboard; name = Base; path = Base.lproj/LaunchScreen.storyboard; sourceTree = "<group>"; };
		138DBEE62872CD7D00C916A7 /* Info.plist */ = {isa = PBXFileReference; lastKnownFileType = text.plist.xml; path = Info.plist; sourceTree = "<group>"; };
		138DBEEB2872CD7D00C916A7 /* PixabayTests.xctest */ = {isa = PBXFileReference; explicitFileType = wrapper.cfbundle; includeInIndex = 0; path = PixabayTests.xctest; sourceTree = BUILT_PRODUCTS_DIR; };
		138DBEEF2872CD7D00C916A7 /* PixabayTests.swift */ = {isa = PBXFileReference; lastKnownFileType = sourcecode.swift; path = PixabayTests.swift; sourceTree = "<group>"; };
		138DBEF52872CD7D00C916A7 /* PixabayUITests.xctest */ = {isa = PBXFileReference; explicitFileType = wrapper.cfbundle; includeInIndex = 0; path = PixabayUITests.xctest; sourceTree = BUILT_PRODUCTS_DIR; };
		138DBEF92872CD7D00C916A7 /* PixabayUITests.swift */ = {isa = PBXFileReference; lastKnownFileType = sourcecode.swift; path = PixabayUITests.swift; sourceTree = "<group>"; };
		138DBEFB2872CD7D00C916A7 /* PixabayUITestsLaunchTests.swift */ = {isa = PBXFileReference; lastKnownFileType = sourcecode.swift; path = PixabayUITestsLaunchTests.swift; sourceTree = "<group>"; };
		138DBF0A2872CDFB00C916A7 /* Base */ = {isa = PBXFileReference; lastKnownFileType = file.storyboard; name = Base; path = Base.lproj/Main.storyboard; sourceTree = "<group>"; };
		138DBF0D2872CE3100C916A7 /* PictureManager.swift */ = {isa = PBXFileReference; fileEncoding = 4; lastKnownFileType = sourcecode.swift; path = PictureManager.swift; sourceTree = "<group>"; };
		138DBF0E2872CE3100C916A7 /* PictureModel.swift */ = {isa = PBXFileReference; fileEncoding = 4; lastKnownFileType = sourcecode.swift; path = PictureModel.swift; sourceTree = "<group>"; };
		138DBF122872CE4100C916A7 /* Constant.swift */ = {isa = PBXFileReference; fileEncoding = 4; lastKnownFileType = sourcecode.swift; path = Constant.swift; sourceTree = "<group>"; };
		138DBF132872CE4100C916A7 /* Alert.swift */ = {isa = PBXFileReference; fileEncoding = 4; lastKnownFileType = sourcecode.swift; path = Alert.swift; sourceTree = "<group>"; };
		138DBF142872CE4100C916A7 /* APIList.swift */ = {isa = PBXFileReference; fileEncoding = 4; lastKnownFileType = sourcecode.swift; path = APIList.swift; sourceTree = "<group>"; };
		138DBF192872CE5400C916A7 /* PictureViewController.swift */ = {isa = PBXFileReference; fileEncoding = 4; lastKnownFileType = sourcecode.swift; path = PictureViewController.swift; sourceTree = "<group>"; };
		138DBF1A2872CE5400C916A7 /* SearchPictureViewController.swift */ = {isa = PBXFileReference; fileEncoding = 4; lastKnownFileType = sourcecode.swift; path = SearchPictureViewController.swift; sourceTree = "<group>"; };
		138DBF1B2872CE5400C916A7 /* PictureCollectionViewCell.swift */ = {isa = PBXFileReference; fileEncoding = 4; lastKnownFileType = sourcecode.swift; path = PictureCollectionViewCell.swift; sourceTree = "<group>"; };
/* End PBXFileReference section */

/* Begin PBXFrameworksBuildPhase section */
		138DBED22872CD7C00C916A7 /* Frameworks */ = {
			isa = PBXFrameworksBuildPhase;
			buildActionMask = 2147483647;
			files = (
			);
			runOnlyForDeploymentPostprocessing = 0;
		};
		138DBEE82872CD7D00C916A7 /* Frameworks */ = {
			isa = PBXFrameworksBuildPhase;
			buildActionMask = 2147483647;
			files = (
			);
			runOnlyForDeploymentPostprocessing = 0;
		};
		138DBEF22872CD7D00C916A7 /* Frameworks */ = {
			isa = PBXFrameworksBuildPhase;
			buildActionMask = 2147483647;
			files = (
			);
			runOnlyForDeploymentPostprocessing = 0;
		};
/* End PBXFrameworksBuildPhase section */

/* Begin PBXGroup section */
		138DBECC2872CD7C00C916A7 = {
			isa = PBXGroup;
			children = (
				138DBED72872CD7C00C916A7 /* Pixabay */,
				138DBEEE2872CD7D00C916A7 /* PixabayTests */,
				138DBEF82872CD7D00C916A7 /* PixabayUITests */,
				138DBED62872CD7C00C916A7 /* Products */,
			);
			sourceTree = "<group>";
		};
		138DBED62872CD7C00C916A7 /* Products */ = {
			isa = PBXGroup;
			children = (
				138DBED52872CD7C00C916A7 /* Pixabay.app */,
				138DBEEB2872CD7D00C916A7 /* PixabayTests.xctest */,
				138DBEF52872CD7D00C916A7 /* PixabayUITests.xctest */,
			);
			name = Products;
			sourceTree = "<group>";
		};
		138DBED72872CD7C00C916A7 /* Pixabay */ = {
			isa = PBXGroup;
			children = (
				138DBED82872CD7C00C916A7 /* AppDelegate.swift */,
				138DBEDA2872CD7C00C916A7 /* SceneDelegate.swift */,
				138DBF182872CE5400C916A7 /* Controller */,
				138DBF0C2872CE3100C916A7 /* Model */,
				138DBF082872CDFB00C916A7 /* View */,
				138DBF112872CE4100C916A7 /* Utilities */,
				138DBEE12872CD7D00C916A7 /* Assets.xcassets */,
				138DBEE32872CD7D00C916A7 /* LaunchScreen.storyboard */,
				138DBEE62872CD7D00C916A7 /* Info.plist */,
			);
			path = Pixabay;
			sourceTree = "<group>";
		};
		138DBEEE2872CD7D00C916A7 /* PixabayTests */ = {
			isa = PBXGroup;
			children = (
				138DBEEF2872CD7D00C916A7 /* PixabayTests.swift */,
			);
			path = PixabayTests;
			sourceTree = "<group>";
		};
		138DBEF82872CD7D00C916A7 /* PixabayUITests */ = {
			isa = PBXGroup;
			children = (
				138DBEF92872CD7D00C916A7 /* PixabayUITests.swift */,
				138DBEFB2872CD7D00C916A7 /* PixabayUITestsLaunchTests.swift */,
			);
			path = PixabayUITests;
			sourceTree = "<group>";
		};
		138DBF082872CDFB00C916A7 /* View */ = {
			isa = PBXGroup;
			children = (
				138DBF092872CDFB00C916A7 /* Main.storyboard */,
			);
			path = View;
			sourceTree = "<group>";
		};
		138DBF0C2872CE3100C916A7 /* Model */ = {
			isa = PBXGroup;
			children = (
				138DBF0D2872CE3100C916A7 /* PictureManager.swift */,
				138DBF0E2872CE3100C916A7 /* PictureModel.swift */,
			);
			path = Model;
			sourceTree = "<group>";
		};
		138DBF112872CE4100C916A7 /* Utilities */ = {
			isa = PBXGroup;
			children = (
				138DBF122872CE4100C916A7 /* Constant.swift */,
				138DBF132872CE4100C916A7 /* Alert.swift */,
				138DBF142872CE4100C916A7 /* APIList.swift */,
			);
			path = Utilities;
			sourceTree = "<group>";
		};
		138DBF182872CE5400C916A7 /* Controller */ = {
			isa = PBXGroup;
			children = (
				138DBF1A2872CE5400C916A7 /* SearchPictureViewController.swift */,
				138DBF192872CE5400C916A7 /* PictureViewController.swift */,
				138DBF1B2872CE5400C916A7 /* PictureCollectionViewCell.swift */,
			);
			path = Controller;
			sourceTree = "<group>";
		};
/* End PBXGroup section */

/* Begin PBXNativeTarget section */
		138DBED42872CD7C00C916A7 /* Pixabay */ = {
			isa = PBXNativeTarget;
			buildConfigurationList = 138DBEFF2872CD7D00C916A7 /* Build configuration list for PBXNativeTarget "Pixabay" */;
			buildPhases = (
				138DBED12872CD7C00C916A7 /* Sources */,
				138DBED22872CD7C00C916A7 /* Frameworks */,
				138DBED32872CD7C00C916A7 /* Resources */,
			);
			buildRules = (
			);
			dependencies = (
			);
			name = Pixabay;
			productName = Pixabay;
			productReference = 138DBED52872CD7C00C916A7 /* Pixabay.app */;
			productType = "com.apple.product-type.application";
		};
		138DBEEA2872CD7D00C916A7 /* PixabayTests */ = {
			isa = PBXNativeTarget;
			buildConfigurationList = 138DBF022872CD7D00C916A7 /* Build configuration list for PBXNativeTarget "PixabayTests" */;
			buildPhases = (
				138DBEE72872CD7D00C916A7 /* Sources */,
				138DBEE82872CD7D00C916A7 /* Frameworks */,
				138DBEE92872CD7D00C916A7 /* Resources */,
			);
			buildRules = (
			);
			dependencies = (
				138DBEED2872CD7D00C916A7 /* PBXTargetDependency */,
			);
			name = PixabayTests;
			productName = PixabayTests;
			productReference = 138DBEEB2872CD7D00C916A7 /* PixabayTests.xctest */;
			productType = "com.apple.product-type.bundle.unit-test";
		};
		138DBEF42872CD7D00C916A7 /* PixabayUITests */ = {
			isa = PBXNativeTarget;
			buildConfigurationList = 138DBF052872CD7D00C916A7 /* Build configuration list for PBXNativeTarget "PixabayUITests" */;
			buildPhases = (
				138DBEF12872CD7D00C916A7 /* Sources */,
				138DBEF22872CD7D00C916A7 /* Frameworks */,
				138DBEF32872CD7D00C916A7 /* Resources */,
			);
			buildRules = (
			);
			dependencies = (
				138DBEF72872CD7D00C916A7 /* PBXTargetDependency */,
			);
			name = PixabayUITests;
			productName = PixabayUITests;
			productReference = 138DBEF52872CD7D00C916A7 /* PixabayUITests.xctest */;
			productType = "com.apple.product-type.bundle.ui-testing";
		};
/* End PBXNativeTarget section */

/* Begin PBXProject section */
		138DBECD2872CD7C00C916A7 /* Project object */ = {
			isa = PBXProject;
			attributes = {
				BuildIndependentTargetsInParallel = 1;
				LastSwiftUpdateCheck = 1320;
				LastUpgradeCheck = 1320;
				TargetAttributes = {
					138DBED42872CD7C00C916A7 = {
						CreatedOnToolsVersion = 13.2.1;
					};
					138DBEEA2872CD7D00C916A7 = {
						CreatedOnToolsVersion = 13.2.1;
						TestTargetID = 138DBED42872CD7C00C916A7;
					};
					138DBEF42872CD7D00C916A7 = {
						CreatedOnToolsVersion = 13.2.1;
						TestTargetID = 138DBED42872CD7C00C916A7;
					};
				};
			};
			buildConfigurationList = 138DBED02872CD7C00C916A7 /* Build configuration list for PBXProject "Pixabay" */;
			compatibilityVersion = "Xcode 13.0";
			developmentRegion = en;
			hasScannedForEncodings = 0;
			knownRegions = (
				en,
				Base,
			);
			mainGroup = 138DBECC2872CD7C00C916A7;
			productRefGroup = 138DBED62872CD7C00C916A7 /* Products */;
			projectDirPath = "";
			projectRoot = "";
			targets = (
				138DBED42872CD7C00C916A7 /* Pixabay */,
				138DBEEA2872CD7D00C916A7 /* PixabayTests */,
				138DBEF42872CD7D00C916A7 /* PixabayUITests */,
			);
		};
/* End PBXProject section */

/* Begin PBXResourcesBuildPhase section */
		138DBED32872CD7C00C916A7 /* Resources */ = {
			isa = PBXResourcesBuildPhase;
			buildActionMask = 2147483647;
			files = (
				138DBEE52872CD7D00C916A7 /* LaunchScreen.storyboard in Resources */,
				138DBEE22872CD7D00C916A7 /* Assets.xcassets in Resources */,
				138DBF0B2872CDFB00C916A7 /* Main.storyboard in Resources */,
			);
			runOnlyForDeploymentPostprocessing = 0;
		};
		138DBEE92872CD7D00C916A7 /* Resources */ = {
			isa = PBXResourcesBuildPhase;
			buildActionMask = 2147483647;
			files = (
			);
			runOnlyForDeploymentPostprocessing = 0;
		};
		138DBEF32872CD7D00C916A7 /* Resources */ = {
			isa = PBXResourcesBuildPhase;
			buildActionMask = 2147483647;
			files = (
			);
			runOnlyForDeploymentPostprocessing = 0;
		};
/* End PBXResourcesBuildPhase section */

/* Begin PBXSourcesBuildPhase section */
		138DBED12872CD7C00C916A7 /* Sources */ = {
			isa = PBXSourcesBuildPhase;
			buildActionMask = 2147483647;
			files = (
				138DBF162872CE4100C916A7 /* Alert.swift in Sources */,
				138DBF1C2872CE5400C916A7 /* PictureViewController.swift in Sources */,
				138DBED92872CD7C00C916A7 /* AppDelegate.swift in Sources */,
				138DBF172872CE4100C916A7 /* APIList.swift in Sources */,
				138DBEDB2872CD7C00C916A7 /* SceneDelegate.swift in Sources */,
				138DBF152872CE4100C916A7 /* Constant.swift in Sources */,
				138DBF102872CE3100C916A7 /* PictureModel.swift in Sources */,
				138DBF1E2872CE5400C916A7 /* PictureCollectionViewCell.swift in Sources */,
				138DBF0F2872CE3100C916A7 /* PictureManager.swift in Sources */,
				138DBF1D2872CE5400C916A7 /* SearchPictureViewController.swift in Sources */,
			);
			runOnlyForDeploymentPostprocessing = 0;
		};
		138DBEE72872CD7D00C916A7 /* Sources */ = {
			isa = PBXSourcesBuildPhase;
			buildActionMask = 2147483647;
			files = (
				138DBEF02872CD7D00C916A7 /* PixabayTests.swift in Sources */,
			);
			runOnlyForDeploymentPostprocessing = 0;
		};
		138DBEF12872CD7D00C916A7 /* Sources */ = {
			isa = PBXSourcesBuildPhase;
			buildActionMask = 2147483647;
			files = (
				138DBEFA2872CD7D00C916A7 /* PixabayUITests.swift in Sources */,
				138DBEFC2872CD7D00C916A7 /* PixabayUITestsLaunchTests.swift in Sources */,
			);
			runOnlyForDeploymentPostprocessing = 0;
		};
/* End PBXSourcesBuildPhase section */

/* Begin PBXTargetDependency section */
		138DBEED2872CD7D00C916A7 /* PBXTargetDependency */ = {
			isa = PBXTargetDependency;
			target = 138DBED42872CD7C00C916A7 /* Pixabay */;
			targetProxy = 138DBEEC2872CD7D00C916A7 /* PBXContainerItemProxy */;
		};
		138DBEF72872CD7D00C916A7 /* PBXTargetDependency */ = {
			isa = PBXTargetDependency;
			target = 138DBED42872CD7C00C916A7 /* Pixabay */;
			targetProxy = 138DBEF62872CD7D00C916A7 /* PBXContainerItemProxy */;
		};
/* End PBXTargetDependency section */

/* Begin PBXVariantGroup section */
		138DBEE32872CD7D00C916A7 /* LaunchScreen.storyboard */ = {
			isa = PBXVariantGroup;
			children = (
				138DBEE42872CD7D00C916A7 /* Base */,
			);
			name = LaunchScreen.storyboard;
			sourceTree = "<group>";
		};
		138DBF092872CDFB00C916A7 /* Main.storyboard */ = {
			isa = PBXVariantGroup;
			children = (
				138DBF0A2872CDFB00C916A7 /* Base */,
			);
			name = Main.storyboard;
			sourceTree = "<group>";
		};
/* End PBXVariantGroup section */

/* Begin XCBuildConfiguration section */
		138DBEFD2872CD7D00C916A7 /* Debug */ = {
			isa = XCBuildConfiguration;
			buildSettings = {
				ALWAYS_SEARCH_USER_PATHS = NO;
				CLANG_ANALYZER_NONNULL = YES;
				CLANG_ANALYZER_NUMBER_OBJECT_CONVERSION = YES_AGGRESSIVE;
				CLANG_CXX_LANGUAGE_STANDARD = "gnu++17";
				CLANG_CXX_LIBRARY = "libc++";
				CLANG_ENABLE_MODULES = YES;
				CLANG_ENABLE_OBJC_ARC = YES;
				CLANG_ENABLE_OBJC_WEAK = YES;
				CLANG_WARN_BLOCK_CAPTURE_AUTORELEASING = YES;
				CLANG_WARN_BOOL_CONVERSION = YES;
				CLANG_WARN_COMMA = YES;
				CLANG_WARN_CONSTANT_CONVERSION = YES;
				CLANG_WARN_DEPRECATED_OBJC_IMPLEMENTATIONS = YES;
				CLANG_WARN_DIRECT_OBJC_ISA_USAGE = YES_ERROR;
				CLANG_WARN_DOCUMENTATION_COMMENTS = YES;
				CLANG_WARN_EMPTY_BODY = YES;
				CLANG_WARN_ENUM_CONVERSION = YES;
				CLANG_WARN_INFINITE_RECURSION = YES;
				CLANG_WARN_INT_CONVERSION = YES;
				CLANG_WARN_NON_LITERAL_NULL_CONVERSION = YES;
				CLANG_WARN_OBJC_IMPLICIT_RETAIN_SELF = YES;
				CLANG_WARN_OBJC_LITERAL_CONVERSION = YES;
				CLANG_WARN_OBJC_ROOT_CLASS = YES_ERROR;
				CLANG_WARN_QUOTED_INCLUDE_IN_FRAMEWORK_HEADER = YES;
				CLANG_WARN_RANGE_LOOP_ANALYSIS = YES;
				CLANG_WARN_STRICT_PROTOTYPES = YES;
				CLANG_WARN_SUSPICIOUS_MOVE = YES;
				CLANG_WARN_UNGUARDED_AVAILABILITY = YES_AGGRESSIVE;
				CLANG_WARN_UNREACHABLE_CODE = YES;
				CLANG_WARN__DUPLICATE_METHOD_MATCH = YES;
				COPY_PHASE_STRIP = NO;
				DEBUG_INFORMATION_FORMAT = dwarf;
				ENABLE_STRICT_OBJC_MSGSEND = YES;
				ENABLE_TESTABILITY = YES;
				GCC_C_LANGUAGE_STANDARD = gnu11;
				GCC_DYNAMIC_NO_PIC = NO;
				GCC_NO_COMMON_BLOCKS = YES;
				GCC_OPTIMIZATION_LEVEL = 0;
				GCC_PREPROCESSOR_DEFINITIONS = (
					"DEBUG=1",
					"$(inherited)",
				);
				GCC_WARN_64_TO_32_BIT_CONVERSION = YES;
				GCC_WARN_ABOUT_RETURN_TYPE = YES_ERROR;
				GCC_WARN_UNDECLARED_SELECTOR = YES;
				GCC_WARN_UNINITIALIZED_AUTOS = YES_AGGRESSIVE;
				GCC_WARN_UNUSED_FUNCTION = YES;
				GCC_WARN_UNUSED_VARIABLE = YES;
				IPHONEOS_DEPLOYMENT_TARGET = 15.2;
				MTL_ENABLE_DEBUG_INFO = INCLUDE_SOURCE;
				MTL_FAST_MATH = YES;
				ONLY_ACTIVE_ARCH = YES;
				SDKROOT = iphoneos;
				SWIFT_ACTIVE_COMPILATION_CONDITIONS = DEBUG;
				SWIFT_OPTIMIZATION_LEVEL = "-Onone";
			};
			name = Debug;
		};
		138DBEFE2872CD7D00C916A7 /* Release */ = {
			isa = XCBuildConfiguration;
			buildSettings = {
				ALWAYS_SEARCH_USER_PATHS = NO;
				CLANG_ANALYZER_NONNULL = YES;
				CLANG_ANALYZER_NUMBER_OBJECT_CONVERSION = YES_AGGRESSIVE;
				CLANG_CXX_LANGUAGE_STANDARD = "gnu++17";
				CLANG_CXX_LIBRARY = "libc++";
				CLANG_ENABLE_MODULES = YES;
				CLANG_ENABLE_OBJC_ARC = YES;
				CLANG_ENABLE_OBJC_WEAK = YES;
				CLANG_WARN_BLOCK_CAPTURE_AUTORELEASING = YES;
				CLANG_WARN_BOOL_CONVERSION = YES;
				CLANG_WARN_COMMA = YES;
				CLANG_WARN_CONSTANT_CONVERSION = YES;
				CLANG_WARN_DEPRECATED_OBJC_IMPLEMENTATIONS = YES;
				CLANG_WARN_DIRECT_OBJC_ISA_USAGE = YES_ERROR;
				CLANG_WARN_DOCUMENTATION_COMMENTS = YES;
				CLANG_WARN_EMPTY_BODY = YES;
				CLANG_WARN_ENUM_CONVERSION = YES;
				CLANG_WARN_INFINITE_RECURSION = YES;
				CLANG_WARN_INT_CONVERSION = YES;
				CLANG_WARN_NON_LITERAL_NULL_CONVERSION = YES;
				CLANG_WARN_OBJC_IMPLICIT_RETAIN_SELF = YES;
				CLANG_WARN_OBJC_LITERAL_CONVERSION = YES;
				CLANG_WARN_OBJC_ROOT_CLASS = YES_ERROR;
				CLANG_WARN_QUOTED_INCLUDE_IN_FRAMEWORK_HEADER = YES;
				CLANG_WARN_RANGE_LOOP_ANALYSIS = YES;
				CLANG_WARN_STRICT_PROTOTYPES = YES;
				CLANG_WARN_SUSPICIOUS_MOVE = YES;
				CLANG_WARN_UNGUARDED_AVAILABILITY = YES_AGGRESSIVE;
				CLANG_WARN_UNREACHABLE_CODE = YES;
				CLANG_WARN__DUPLICATE_METHOD_MATCH = YES;
				COPY_PHASE_STRIP = NO;
				DEBUG_INFORMATION_FORMAT = "dwarf-with-dsym";
				ENABLE_NS_ASSERTIONS = NO;
				ENABLE_STRICT_OBJC_MSGSEND = YES;
				GCC_C_LANGUAGE_STANDARD = gnu11;
				GCC_NO_COMMON_BLOCKS = YES;
				GCC_WARN_64_TO_32_BIT_CONVERSION = YES;
				GCC_WARN_ABOUT_RETURN_TYPE = YES_ERROR;
				GCC_WARN_UNDECLARED_SELECTOR = YES;
				GCC_WARN_UNINITIALIZED_AUTOS = YES_AGGRESSIVE;
				GCC_WARN_UNUSED_FUNCTION = YES;
				GCC_WARN_UNUSED_VARIABLE = YES;
				IPHONEOS_DEPLOYMENT_TARGET = 15.2;
				MTL_ENABLE_DEBUG_INFO = NO;
				MTL_FAST_MATH = YES;
				SDKROOT = iphoneos;
				SWIFT_COMPILATION_MODE = wholemodule;
				SWIFT_OPTIMIZATION_LEVEL = "-O";
				VALIDATE_PRODUCT = YES;
			};
			name = Release;
		};
		138DBF002872CD7D00C916A7 /* Debug */ = {
			isa = XCBuildConfiguration;
			buildSettings = {
				ASSETCATALOG_COMPILER_APPICON_NAME = AppIcon;
				ASSETCATALOG_COMPILER_GLOBAL_ACCENT_COLOR_NAME = AccentColor;
				CODE_SIGN_STYLE = Automatic;
				CURRENT_PROJECT_VERSION = 1;
				GENERATE_INFOPLIST_FILE = YES;
				INFOPLIST_FILE = Pixabay/Info.plist;
				INFOPLIST_KEY_UIApplicationSupportsIndirectInputEvents = YES;
				INFOPLIST_KEY_UILaunchStoryboardName = LaunchScreen;
				INFOPLIST_KEY_UIMainStoryboardFile = Main;
				INFOPLIST_KEY_UISupportedInterfaceOrientations_iPad = "UIInterfaceOrientationPortrait UIInterfaceOrientationPortraitUpsideDown UIInterfaceOrientationLandscapeLeft UIInterfaceOrientationLandscapeRight";
				INFOPLIST_KEY_UISupportedInterfaceOrientations_iPhone = "UIInterfaceOrientationPortrait UIInterfaceOrientationLandscapeLeft UIInterfaceOrientationLandscapeRight";
				LD_RUNPATH_SEARCH_PATHS = (
					"$(inherited)",
					"@executable_path/Frameworks",
				);
				MARKETING_VERSION = 1.0;
				PRODUCT_BUNDLE_IDENTIFIER = ManishSurti.Pixabay;
				PRODUCT_NAME = "$(TARGET_NAME)";
				SWIFT_EMIT_LOC_STRINGS = YES;
				SWIFT_VERSION = 5.0;
				TARGETED_DEVICE_FAMILY = "1,2";
			};
			name = Debug;
		};
		138DBF012872CD7D00C916A7 /* Release */ = {
			isa = XCBuildConfiguration;
			buildSettings = {
				ASSETCATALOG_COMPILER_APPICON_NAME = AppIcon;
				ASSETCATALOG_COMPILER_GLOBAL_ACCENT_COLOR_NAME = AccentColor;
				CODE_SIGN_STYLE = Automatic;
				CURRENT_PROJECT_VERSION = 1;
				GENERATE_INFOPLIST_FILE = YES;
				INFOPLIST_FILE = Pixabay/Info.plist;
				INFOPLIST_KEY_UIApplicationSupportsIndirectInputEvents = YES;
				INFOPLIST_KEY_UILaunchStoryboardName = LaunchScreen;
				INFOPLIST_KEY_UIMainStoryboardFile = Main;
				INFOPLIST_KEY_UISupportedInterfaceOrientations_iPad = "UIInterfaceOrientationPortrait UIInterfaceOrientationPortraitUpsideDown UIInterfaceOrientationLandscapeLeft UIInterfaceOrientationLandscapeRight";
				INFOPLIST_KEY_UISupportedInterfaceOrientations_iPhone = "UIInterfaceOrientationPortrait UIInterfaceOrientationLandscapeLeft UIInterfaceOrientationLandscapeRight";
				LD_RUNPATH_SEARCH_PATHS = (
					"$(inherited)",
					"@executable_path/Frameworks",
				);
				MARKETING_VERSION = 1.0;
				PRODUCT_BUNDLE_IDENTIFIER = ManishSurti.Pixabay;
				PRODUCT_NAME = "$(TARGET_NAME)";
				SWIFT_EMIT_LOC_STRINGS = YES;
				SWIFT_VERSION = 5.0;
				TARGETED_DEVICE_FAMILY = "1,2";
			};
			name = Release;
		};
		138DBF032872CD7D00C916A7 /* Debug */ = {
			isa = XCBuildConfiguration;
			buildSettings = {
				ALWAYS_EMBED_SWIFT_STANDARD_LIBRARIES = YES;
				BUNDLE_LOADER = "$(TEST_HOST)";
				CODE_SIGN_STYLE = Automatic;
				CURRENT_PROJECT_VERSION = 1;
				GENERATE_INFOPLIST_FILE = YES;
				IPHONEOS_DEPLOYMENT_TARGET = 15.2;
				MARKETING_VERSION = 1.0;
				PRODUCT_BUNDLE_IDENTIFIER = ManishSurti.PixabayTests;
				PRODUCT_NAME = "$(TARGET_NAME)";
				SWIFT_EMIT_LOC_STRINGS = NO;
				SWIFT_VERSION = 5.0;
				TARGETED_DEVICE_FAMILY = "1,2";
				TEST_HOST = "$(BUILT_PRODUCTS_DIR)/Pixabay.app/Pixabay";
			};
			name = Debug;
		};
		138DBF042872CD7D00C916A7 /* Release */ = {
			isa = XCBuildConfiguration;
			buildSettings = {
				ALWAYS_EMBED_SWIFT_STANDARD_LIBRARIES = YES;
				BUNDLE_LOADER = "$(TEST_HOST)";
				CODE_SIGN_STYLE = Automatic;
				CURRENT_PROJECT_VERSION = 1;
				GENERATE_INFOPLIST_FILE = YES;
				IPHONEOS_DEPLOYMENT_TARGET = 15.2;
				MARKETING_VERSION = 1.0;
				PRODUCT_BUNDLE_IDENTIFIER = ManishSurti.PixabayTests;
				PRODUCT_NAME = "$(TARGET_NAME)";
				SWIFT_EMIT_LOC_STRINGS = NO;
				SWIFT_VERSION = 5.0;
				TARGETED_DEVICE_FAMILY = "1,2";
				TEST_HOST = "$(BUILT_PRODUCTS_DIR)/Pixabay.app/Pixabay";
			};
			name = Release;
		};
		138DBF062872CD7D00C916A7 /* Debug */ = {
			isa = XCBuildConfiguration;
			buildSettings = {
				ALWAYS_EMBED_SWIFT_STANDARD_LIBRARIES = YES;
				CODE_SIGN_STYLE = Automatic;
				CURRENT_PROJECT_VERSION = 1;
				GENERATE_INFOPLIST_FILE = YES;
				MARKETING_VERSION = 1.0;
				PRODUCT_BUNDLE_IDENTIFIER = ManishSurti.PixabayUITests;
				PRODUCT_NAME = "$(TARGET_NAME)";
				SWIFT_EMIT_LOC_STRINGS = NO;
				SWIFT_VERSION = 5.0;
				TARGETED_DEVICE_FAMILY = "1,2";
				TEST_TARGET_NAME = Pixabay;
			};
			name = Debug;
		};
		138DBF072872CD7D00C916A7 /* Release */ = {
			isa = XCBuildConfiguration;
			buildSettings = {
				ALWAYS_EMBED_SWIFT_STANDARD_LIBRARIES = YES;
				CODE_SIGN_STYLE = Automatic;
				CURRENT_PROJECT_VERSION = 1;
				GENERATE_INFOPLIST_FILE = YES;
				MARKETING_VERSION = 1.0;
				PRODUCT_BUNDLE_IDENTIFIER = ManishSurti.PixabayUITests;
				PRODUCT_NAME = "$(TARGET_NAME)";
				SWIFT_EMIT_LOC_STRINGS = NO;
				SWIFT_VERSION = 5.0;
				TARGETED_DEVICE_FAMILY = "1,2";
				TEST_TARGET_NAME = Pixabay;
			};
			name = Release;
		};
/* End XCBuildConfiguration section */

/* Begin XCConfigurationList section */
		138DBED02872CD7C00C916A7 /* Build configuration list for PBXProject "Pixabay" */ = {
			isa = XCConfigurationList;
			buildConfigurations = (
				138DBEFD2872CD7D00C916A7 /* Debug */,
				138DBEFE2872CD7D00C916A7 /* Release */,
			);
			defaultConfigurationIsVisible = 0;
			defaultConfigurationName = Release;
		};
		138DBEFF2872CD7D00C916A7 /* Build configuration list for PBXNativeTarget "Pixabay" */ = {
			isa = XCConfigurationList;
			buildConfigurations = (
				138DBF002872CD7D00C916A7 /* Debug */,
				138DBF012872CD7D00C916A7 /* Release */,
			);
			defaultConfigurationIsVisible = 0;
			defaultConfigurationName = Release;
		};
		138DBF022872CD7D00C916A7 /* Build configuration list for PBXNativeTarget "PixabayTests" */ = {
			isa = XCConfigurationList;
			buildConfigurations = (
				138DBF032872CD7D00C916A7 /* Debug */,
				138DBF042872CD7D00C916A7 /* Release */,
			);
			defaultConfigurationIsVisible = 0;
			defaultConfigurationName = Release;
		};
		138DBF052872CD7D00C916A7 /* Build configuration list for PBXNativeTarget "PixabayUITests" */ = {
			isa = XCConfigurationList;
			buildConfigurations = (
				138DBF062872CD7D00C916A7 /* Debug */,
				138DBF072872CD7D00C916A7 /* Release */,
			);
			defaultConfigurationIsVisible = 0;
			defaultConfigurationName = Release;
		};
/* End XCConfigurationList section */
	};
	rootObject = 138DBECD2872CD7C00C916A7 /* Project object */;
}
